// !$*UTF8*$!
{
	archiveVersion = 1;
	classes = {
	};
	objectVersion = 50;
	objects = {

/* Begin PBXBuildFile section */
		C799D86D2622F3D000BC9188 /* Assets.xcassets in Resources */ = {isa = PBXBuildFile; fileRef = C799D86C2622F3D000BC9188 /* Assets.xcassets */; };
		C799D8742622F3D000BC9188 /* test MessagesExtension.appex in Embed App Extensions */ = {isa = PBXBuildFile; fileRef = C799D8732622F3D000BC9188 /* test MessagesExtension.appex */; settings = {ATTRIBUTES = (RemoveHeadersOnCopy, ); }; };
		C799D8792622F3D000BC9188 /* Messages.framework in Frameworks */ = {isa = PBXBuildFile; fileRef = C799D8782622F3D000BC9188 /* Messages.framework */; };
		C799D87C2622F3D000BC9188 /* MessagesViewController.swift in Sources */ = {isa = PBXBuildFile; fileRef = C799D87B2622F3D000BC9188 /* MessagesViewController.swift */; };
		C799D87F2622F3D000BC9188 /* MainInterface.storyboard in Resources */ = {isa = PBXBuildFile; fileRef = C799D87D2622F3D000BC9188 /* MainInterface.storyboard */; };
		C799D8812622F3D100BC9188 /* Assets.xcassets in Resources */ = {isa = PBXBuildFile; fileRef = C799D8802622F3D100BC9188 /* Assets.xcassets */; };
/* End PBXBuildFile section */

/* Begin PBXContainerItemProxy section */
		C799D8752622F3D000BC9188 /* PBXContainerItemProxy */ = {
			isa = PBXContainerItemProxy;
			containerPortal = C799D8632622F3C800BC9188 /* Project object */;
			proxyType = 1;
			remoteGlobalIDString = C799D8722622F3D000BC9188;
			remoteInfo = "test MessagesExtension";
		};
/* End PBXContainerItemProxy section */

/* Begin PBXCopyFilesBuildPhase section */
		C799D8882622F3D100BC9188 /* Embed App Extensions */ = {
			isa = PBXCopyFilesBuildPhase;
			buildActionMask = 2147483647;
			dstPath = "";
			dstSubfolderSpec = 13;
			files = (
				C799D8742622F3D000BC9188 /* test MessagesExtension.appex in Embed App Extensions */,
			);
			name = "Embed App Extensions";
			runOnlyForDeploymentPostprocessing = 0;
		};
/* End PBXCopyFilesBuildPhase section */

/* Begin PBXFileReference section */
		C799D8692622F3C800BC9188 /* test.app */ = {isa = PBXFileReference; explicitFileType = wrapper.application; includeInIndex = 0; path = test.app; sourceTree = BUILT_PRODUCTS_DIR; };
		C799D86C2622F3D000BC9188 /* Assets.xcassets */ = {isa = PBXFileReference; lastKnownFileType = folder.assetcatalog; path = Assets.xcassets; sourceTree = "<group>"; };
		C799D86E2622F3D000BC9188 /* Info.plist */ = {isa = PBXFileReference; lastKnownFileType = text.plist.xml; path = Info.plist; sourceTree = "<group>"; };
		C799D8732622F3D000BC9188 /* test MessagesExtension.appex */ = {isa = PBXFileReference; explicitFileType = "wrapper.app-extension"; includeInIndex = 0; path = "test MessagesExtension.appex"; sourceTree = BUILT_PRODUCTS_DIR; };
		C799D8782622F3D000BC9188 /* Messages.framework */ = {isa = PBXFileReference; lastKnownFileType = wrapper.framework; name = Messages.framework; path = System/Library/Frameworks/Messages.framework; sourceTree = SDKROOT; };
		C799D87B2622F3D000BC9188 /* MessagesViewController.swift */ = {isa = PBXFileReference; lastKnownFileType = sourcecode.swift; path = MessagesViewController.swift; sourceTree = "<group>"; };
		C799D87E2622F3D000BC9188 /* Base */ = {isa = PBXFileReference; lastKnownFileType = file.storyboard; name = Base; path = Base.lproj/MainInterface.storyboard; sourceTree = "<group>"; };
		C799D8802622F3D100BC9188 /* Assets.xcassets */ = {isa = PBXFileReference; lastKnownFileType = folder.assetcatalog; path = Assets.xcassets; sourceTree = "<group>"; };
		C799D8822622F3D100BC9188 /* Info.plist */ = {isa = PBXFileReference; lastKnownFileType = text.plist.xml; path = Info.plist; sourceTree = "<group>"; };
/* End PBXFileReference section */

/* Begin PBXFrameworksBuildPhase section */
		C799D8702622F3D000BC9188 /* Frameworks */ = {
			isa = PBXFrameworksBuildPhase;
			buildActionMask = 2147483647;
			files = (
				C799D8792622F3D000BC9188 /* Messages.framework in Frameworks */,
			);
			runOnlyForDeploymentPostprocessing = 0;
		};
/* End PBXFrameworksBuildPhase section */

/* Begin PBXGroup section */
		C799D8622622F3C800BC9188 = {
			isa = PBXGroup;
			children = (
				C799D86B2622F3C800BC9188 /* test */,
				C799D87A2622F3D000BC9188 /* test MessagesExtension */,
				C799D8772622F3D000BC9188 /* Frameworks */,
				C799D86A2622F3C800BC9188 /* Products */,
			);
			sourceTree = "<group>";
		};
		C799D86A2622F3C800BC9188 /* Products */ = {
			isa = PBXGroup;
			children = (
				C799D8692622F3C800BC9188 /* test.app */,
				C799D8732622F3D000BC9188 /* test MessagesExtension.appex */,
			);
			name = Products;
			sourceTree = "<group>";
		};
		C799D86B2622F3C800BC9188 /* test */ = {
			isa = PBXGroup;
			children = (
				C799D86C2622F3D000BC9188 /* Assets.xcassets */,
				C799D86E2622F3D000BC9188 /* Info.plist */,
			);
			path = test;
			sourceTree = "<group>";
		};
		C799D8772622F3D000BC9188 /* Frameworks */ = {
			isa = PBXGroup;
			children = (
				C799D8782622F3D000BC9188 /* Messages.framework */,
			);
			name = Frameworks;
			sourceTree = "<group>";
		};
		C799D87A2622F3D000BC9188 /* test MessagesExtension */ = {
			isa = PBXGroup;
			children = (
				C799D87B2622F3D000BC9188 /* MessagesViewController.swift */,
				C799D87D2622F3D000BC9188 /* MainInterface.storyboard */,
				C799D8802622F3D100BC9188 /* Assets.xcassets */,
				C799D8822622F3D100BC9188 /* Info.plist */,
			);
			path = "test MessagesExtension";
			sourceTree = "<group>";
		};
/* End PBXGroup section */

/* Begin PBXNativeTarget section */
		C799D8682622F3C800BC9188 /* test */ = {
			isa = PBXNativeTarget;
			buildConfigurationList = C799D8892622F3D100BC9188 /* Build configuration list for PBXNativeTarget "test" */;
			buildPhases = (
				C799D8672622F3C800BC9188 /* Resources */,
				C799D8882622F3D100BC9188 /* Embed App Extensions */,
			);
			buildRules = (
			);
			dependencies = (
				C799D8762622F3D000BC9188 /* PBXTargetDependency */,
			);
			name = test;
			productName = test;
			productReference = C799D8692622F3C800BC9188 /* test.app */;
			productType = "com.apple.product-type.application.messages";
		};
		C799D8722622F3D000BC9188 /* test MessagesExtension */ = {
			isa = PBXNativeTarget;
			buildConfigurationList = C799D8852622F3D100BC9188 /* Build configuration list for PBXNativeTarget "test MessagesExtension" */;
			buildPhases = (
				C799D86F2622F3D000BC9188 /* Sources */,
				C799D8702622F3D000BC9188 /* Frameworks */,
				C799D8712622F3D000BC9188 /* Resources */,
			);
			buildRules = (
			);
			dependencies = (
			);
			name = "test MessagesExtension";
			productName = "test MessagesExtension";
			productReference = C799D8732622F3D000BC9188 /* test MessagesExtension.appex */;
			productType = "com.apple.product-type.app-extension.messages";
		};
/* End PBXNativeTarget section */

/* Begin PBXProject section */
		C799D8632622F3C800BC9188 /* Project object */ = {
			isa = PBXProject;
			attributes = {
				LastSwiftUpdateCheck = 1240;
				LastUpgradeCheck = 1240;
				TargetAttributes = {
					C799D8682622F3C800BC9188 = {
						CreatedOnToolsVersion = 12.4;
					};
					C799D8722622F3D000BC9188 = {
						CreatedOnToolsVersion = 12.4;
					};
				};
			};
			buildConfigurationList = C799D8662622F3C800BC9188 /* Build configuration list for PBXProject "test" */;
			compatibilityVersion = "Xcode 9.3";
			developmentRegion = en;
			hasScannedForEncodings = 0;
			knownRegions = (
				en,
				Base,
			);
			mainGroup = C799D8622622F3C800BC9188;
			productRefGroup = C799D86A2622F3C800BC9188 /* Products */;
			projectDirPath = "";
			projectRoot = "";
			targets = (
				C799D8682622F3C800BC9188 /* test */,
				C799D8722622F3D000BC9188 /* test MessagesExtension */,
			);
		};
/* End PBXProject section */

/* Begin PBXResourcesBuildPhase section */
		C799D8672622F3C800BC9188 /* Resources */ = {
			isa = PBXResourcesBuildPhase;
			buildActionMask = 2147483647;
			files = (
				C799D86D2622F3D000BC9188 /* Assets.xcassets in Resources */,
			);
			runOnlyForDeploymentPostprocessing = 0;
		};
		C799D8712622F3D000BC9188 /* Resources */ = {
			isa = PBXResourcesBuildPhase;
			buildActionMask = 2147483647;
			files = (
				C799D8812622F3D100BC9188 /* Assets.xcassets in Resources */,
				C799D87F2622F3D000BC9188 /* MainInterface.storyboard in Resources */,
			);
			runOnlyForDeploymentPostprocessing = 0;
		};
/* End PBXResourcesBuildPhase section */

/* Begin PBXSourcesBuildPhase section */
		C799D86F2622F3D000BC9188 /* Sources */ = {
			isa = PBXSourcesBuildPhase;
			buildActionMask = 2147483647;
			files = (
				C799D87C2622F3D000BC9188 /* MessagesViewController.swift in Sources */,
			);
			runOnlyForDeploymentPostprocessing = 0;
		};
/* End PBXSourcesBuildPhase section */

/* Begin PBXTargetDependency section */
		C799D8762622F3D000BC9188 /* PBXTargetDependency */ = {
			isa = PBXTargetDependency;
			target = C799D8722622F3D000BC9188 /* test MessagesExtension */;
			targetProxy = C799D8752622F3D000BC9188 /* PBXContainerItemProxy */;
		};
/* End PBXTargetDependency section */

/* Begin PBXVariantGroup section */
		C799D87D2622F3D000BC9188 /* MainInterface.storyboard */ = {
			isa = PBXVariantGroup;
			children = (
				C799D87E2622F3D000BC9188 /* Base */,
			);
			name = MainInterface.storyboard;
			sourceTree = "<group>";
		};
/* End PBXVariantGroup section */

/* Begin XCBuildConfiguration section */
		C799D8832622F3D100BC9188 /* Debug */ = {
			isa = XCBuildConfiguration;
			buildSettings = {
				ALWAYS_SEARCH_USER_PATHS = NO;
				CLANG_ANALYZER_NONNULL = YES;
				CLANG_ANALYZER_NUMBER_OBJECT_CONVERSION = YES_AGGRESSIVE;
				CLANG_CXX_LANGUAGE_STANDARD = "gnu++14";
				CLANG_CXX_LIBRARY = "libc++";
				CLANG_ENABLE_MODULES = YES;
				CLANG_ENABLE_OBJC_ARC = YES;
				CLANG_ENABLE_OBJC_WEAK = YES;
				CLANG_WARN_BLOCK_CAPTURE_AUTORELEASING = YES;
				CLANG_WARN_BOOL_CONVERSION = YES;
				CLANG_WARN_COMMA = YES;
				CLANG_WARN_CONSTANT_CONVERSION = YES;
				CLANG_WARN_DEPRECATED_OBJC_IMPLEMENTATIONS = YES;
				CLANG_WARN_DIRECT_OBJC_ISA_USAGE = YES_ERROR;
				CLANG_WARN_DOCUMENTATION_COMMENTS = YES;
				CLANG_WARN_EMPTY_BODY = YES;
				CLANG_WARN_ENUM_CONVERSION = YES;
				CLANG_WARN_INFINITE_RECURSION = YES;
				CLANG_WARN_INT_CONVERSION = YES;
				CLANG_WARN_NON_LITERAL_NULL_CONVERSION = YES;
				CLANG_WARN_OBJC_IMPLICIT_RETAIN_SELF = YES;
				CLANG_WARN_OBJC_LITERAL_CONVERSION = YES;
				CLANG_WARN_OBJC_ROOT_CLASS = YES_ERROR;
				CLANG_WARN_QUOTED_INCLUDE_IN_FRAMEWORK_HEADER = YES;
				CLANG_WARN_RANGE_LOOP_ANALYSIS = YES;
				CLANG_WARN_STRICT_PROTOTYPES = YES;
				CLANG_WARN_SUSPICIOUS_MOVE = YES;
				CLANG_WARN_UNGUARDED_AVAILABILITY = YES_AGGRESSIVE;
				CLANG_WARN_UNREACHABLE_CODE = YES;
				CLANG_WARN__DUPLICATE_METHOD_MATCH = YES;
				COPY_PHASE_STRIP = NO;
				DEBUG_INFORMATION_FORMAT = dwarf;
				ENABLE_STRICT_OBJC_MSGSEND = YES;
				ENABLE_TESTABILITY = YES;
				GCC_C_LANGUAGE_STANDARD = gnu11;
				GCC_DYNAMIC_NO_PIC = NO;
				GCC_NO_COMMON_BLOCKS = YES;
				GCC_OPTIMIZATION_LEVEL = 0;
				GCC_PREPROCESSOR_DEFINITIONS = (
					"DEBUG=1",
					"$(inherited)",
				);
				GCC_WARN_64_TO_32_BIT_CONVERSION = YES;
				GCC_WARN_ABOUT_RETURN_TYPE = YES_ERROR;
				GCC_WARN_UNDECLARED_SELECTOR = YES;
				GCC_WARN_UNINITIALIZED_AUTOS = YES_AGGRESSIVE;
				GCC_WARN_UNUSED_FUNCTION = YES;
				GCC_WARN_UNUSED_VARIABLE = YES;
				IPHONEOS_DEPLOYMENT_TARGET = 14.4;
				MTL_ENABLE_DEBUG_INFO = INCLUDE_SOURCE;
				MTL_FAST_MATH = YES;
				ONLY_ACTIVE_ARCH = YES;
				SDKROOT = iphoneos;
				SWIFT_ACTIVE_COMPILATION_CONDITIONS = DEBUG;
				SWIFT_OPTIMIZATION_LEVEL = "-Onone";
			};
			name = Debug;
		};
		C799D8842622F3D100BC9188 /* Release */ = {
			isa = XCBuildConfiguration;
			buildSettings = {
				ALWAYS_SEARCH_USER_PATHS = NO;
				CLANG_ANALYZER_NONNULL = YES;
				CLANG_ANALYZER_NUMBER_OBJECT_CONVERSION = YES_AGGRESSIVE;
				CLANG_CXX_LANGUAGE_STANDARD = "gnu++14";
				CLANG_CXX_LIBRARY = "libc++";
				CLANG_ENABLE_MODULES = YES;
				CLANG_ENABLE_OBJC_ARC = YES;
				CLANG_ENABLE_OBJC_WEAK = YES;
				CLANG_WARN_BLOCK_CAPTURE_AUTORELEASING = YES;
				CLANG_WARN_BOOL_CONVERSION = YES;
				CLANG_WARN_COMMA = YES;
				CLANG_WARN_CONSTANT_CONVERSION = YES;
				CLANG_WARN_DEPRECATED_OBJC_IMPLEMENTATIONS = YES;
				CLANG_WARN_DIRECT_OBJC_ISA_USAGE = YES_ERROR;
				CLANG_WARN_DOCUMENTATION_COMMENTS = YES;
				CLANG_WARN_EMPTY_BODY = YES;
				CLANG_WARN_ENUM_CONVERSION = YES;
				CLANG_WARN_INFINITE_RECURSION = YES;
				CLANG_WARN_INT_CONVERSION = YES;
				CLANG_WARN_NON_LITERAL_NULL_CONVERSION = YES;
				CLANG_WARN_OBJC_IMPLICIT_RETAIN_SELF = YES;
				CLANG_WARN_OBJC_LITERAL_CONVERSION = YES;
				CLANG_WARN_OBJC_ROOT_CLASS = YES_ERROR;
				CLANG_WARN_QUOTED_INCLUDE_IN_FRAMEWORK_HEADER = YES;
				CLANG_WARN_RANGE_LOOP_ANALYSIS = YES;
				CLANG_WARN_STRICT_PROTOTYPES = YES;
				CLANG_WARN_SUSPICIOUS_MOVE = YES;
				CLANG_WARN_UNGUARDED_AVAILABILITY = YES_AGGRESSIVE;
				CLANG_WARN_UNREACHABLE_CODE = YES;
				CLANG_WARN__DUPLICATE_METHOD_MATCH = YES;
				COPY_PHASE_STRIP = NO;
				DEBUG_INFORMATION_FORMAT = "dwarf-with-dsym";
				ENABLE_NS_ASSERTIONS = NO;
				ENABLE_STRICT_OBJC_MSGSEND = YES;
				GCC_C_LANGUAGE_STANDARD = gnu11;
				GCC_NO_COMMON_BLOCKS = YES;
				GCC_WARN_64_TO_32_BIT_CONVERSION = YES;
				GCC_WARN_ABOUT_RETURN_TYPE = YES_ERROR;
				GCC_WARN_UNDECLARED_SELECTOR = YES;
				GCC_WARN_UNINITIALIZED_AUTOS = YES_AGGRESSIVE;
				GCC_WARN_UNUSED_FUNCTION = YES;
				GCC_WARN_UNUSED_VARIABLE = YES;
				IPHONEOS_DEPLOYMENT_TARGET = 14.4;
				MTL_ENABLE_DEBUG_INFO = NO;
				MTL_FAST_MATH = YES;
				SDKROOT = iphoneos;
				SWIFT_COMPILATION_MODE = wholemodule;
				SWIFT_OPTIMIZATION_LEVEL = "-O";
				VALIDATE_PRODUCT = YES;
			};
			name = Release;
		};
		C799D8862622F3D100BC9188 /* Debug */ = {
			isa = XCBuildConfiguration;
			buildSettings = {
				ASSETCATALOG_COMPILER_APPICON_NAME = "iMessage App Icon";
				CODE_SIGN_STYLE = Automatic;
				INFOPLIST_FILE = "test MessagesExtension/Info.plist";
				LD_RUNPATH_SEARCH_PATHS = (
					"$(inherited)",
					"@executable_path/Frameworks",
					"@executable_path/../../Frameworks",
				);
				PRODUCT_BUNDLE_IDENTIFIER = one.test.MessagesExtension;
				PRODUCT_NAME = "$(TARGET_NAME)";
				SKIP_INSTALL = YES;
				SWIFT_VERSION = 5.0;
				TARGETED_DEVICE_FAMILY = "1,2";
			};
			name = Debug;
		};
		C799D8872622F3D100BC9188 /* Release */ = {
			isa = XCBuildConfiguration;
			buildSettings = {
				ASSETCATALOG_COMPILER_APPICON_NAME = "iMessage App Icon";
				CODE_SIGN_STYLE = Automatic;
				INFOPLIST_FILE = "test MessagesExtension/Info.plist";
				LD_RUNPATH_SEARCH_PATHS = (
					"$(inherited)",
					"@executable_path/Frameworks",
					"@executable_path/../../Frameworks",
				);
				PRODUCT_BUNDLE_IDENTIFIER = one.test.MessagesExtension;
				PRODUCT_NAME = "$(TARGET_NAME)";
				SKIP_INSTALL = YES;
				SWIFT_VERSION = 5.0;
				TARGETED_DEVICE_FAMILY = "1,2";
			};
			name = Release;
		};
		C799D88A2622F3D100BC9188 /* Debug */ = {
			isa = XCBuildConfiguration;
			buildSettings = {
				ALWAYS_EMBED_SWIFT_STANDARD_LIBRARIES = YES;
				ASSETCATALOG_COMPILER_APPICON_NAME = AppIcon;
				CODE_SIGN_STYLE = Automatic;
				INFOPLIST_FILE = test/Info.plist;
				PRODUCT_BUNDLE_IDENTIFIER = one.test;
				PRODUCT_NAME = "$(TARGET_NAME)";
				SWIFT_VERSION = 5.0;
				TARGETED_DEVICE_FAMILY = "1,2";
			};
			name = Debug;
		};
		C799D88B2622F3D100BC9188 /* Release */ = {
			isa = XCBuildConfiguration;
			buildSettings = {
				ALWAYS_EMBED_SWIFT_STANDARD_LIBRARIES = YES;
				ASSETCATALOG_COMPILER_APPICON_NAME = AppIcon;
				CODE_SIGN_STYLE = Automatic;
				INFOPLIST_FILE = test/Info.plist;
				PRODUCT_BUNDLE_IDENTIFIER = one.test;
				PRODUCT_NAME = "$(TARGET_NAME)";
				SWIFT_VERSION = 5.0;
				TARGETED_DEVICE_FAMILY = "1,2";
			};
			name = Release;
		};
/* End XCBuildConfiguration section */

/* Begin XCConfigurationList section */
		C799D8662622F3C800BC9188 /* Build configuration list for PBXProject "test" */ = {
			isa = XCConfigurationList;
			buildConfigurations = (
				C799D8832622F3D100BC9188 /* Debug */,
				C799D8842622F3D100BC9188 /* Release */,
			);
			defaultConfigurationIsVisible = 0;
			defaultConfigurationName = Release;
		};
		C799D8852622F3D100BC9188 /* Build configuration list for PBXNativeTarget "test MessagesExtension" */ = {
			isa = XCConfigurationList;
			buildConfigurations = (
				C799D8862622F3D100BC9188 /* Debug */,
				C799D8872622F3D100BC9188 /* Release */,
			);
			defaultConfigurationIsVisible = 0;
			defaultConfigurationName = Release;
		};
		C799D8892622F3D100BC9188 /* Build configuration list for PBXNativeTarget "test" */ = {
			isa = XCConfigurationList;
			buildConfigurations = (
				C799D88A2622F3D100BC9188 /* Debug */,
				C799D88B2622F3D100BC9188 /* Release */,
			);
			defaultConfigurationIsVisible = 0;
			defaultConfigurationName = Release;
		};
/* End XCConfigurationList section */
	};
	rootObject = C799D8632622F3C800BC9188 /* Project object */;
}
